
Microsoft Visual Studio Solution File, Format Version 12.00
# Visual Studio Version 17
VisualStudioVersion = 17.14.36301.6 d17.14
MinimumVisualStudioVersion = 10.0.40219.1
Project("{FAE04EC0-301F-11D3-BF4B-00C04F79EFBC}") = "StudentDepartmentAPI", "StudentDepartmentAPI\StudentDepartmentAPI.csproj", "{8E0AB28F-9738-413B-9798-AA0E712E65AE}"
EndProject
Global
	GlobalSection(SolutionConfigurationPlatforms) = preSolution
		Debug|Any CPU = Debug|Any CPU
		Release|Any CPU = Release|Any CPU
	EndGlobalSection
	GlobalSection(ProjectConfigurationPlatforms) = postSolution
		{8E0AB28F-9738-413B-9798-AA0E712E65AE}.Debug|Any CPU.ActiveCfg = Debug|Any CPU
		{8E0AB28F-9738-413B-9798-AA0E712E65AE}.Debug|Any CPU.Build.0 = Debug|Any CPU
		{8E0AB28F-9738-413B-9798-AA0E712E65AE}.Release|Any CPU.ActiveCfg = Release|Any CPU
		{8E0AB28F-9738-413B-9798-AA0E712E65AE}.Release|Any CPU.Build.0 = Release|Any CPU
	EndGlobalSection
	GlobalSection(SolutionProperties) = preSolution
		HideSolutionNode = FALSE
	EndGlobalSection
	GlobalSection(ExtensibilityGlobals) = postSolution
		SolutionGuid = {7E1F469B-D16C-44C3-A5C1-CF1D0D246FEB}
	EndGlobalSection
EndGlobal
